// !$*UTF8*$!
{
	archiveVersion = 1;
	classes = {
	};
	objectVersion = 77;
	objects = {

/* Begin PBXBuildFile section */
		CD361CE02E510FF20064F6FE /* NitroPingClient in Frameworks */ = {isa = PBXBuildFile; productRef = CD361CDF2E510FF20064F6FE /* NitroPingClient */; };
		CD361CE22E51134A0064F6FE /* NitroPingClient in Frameworks */ = {isa = PBXBuildFile; productRef = CD361CE12E51134A0064F6FE /* NitroPingClient */; };
/* End PBXBuildFile section */

/* Begin PBXContainerItemProxy section */
		CDF057C92E50A5F50094CF5E /* PBXContainerItemProxy */ = {
			isa = PBXContainerItemProxy;
			containerPortal = CDF057B02E50A5F40094CF5E /* Project object */;
			proxyType = 1;
			remoteGlobalIDString = CDF057B72E50A5F40094CF5E;
			remoteInfo = nitroping;
		};
		CDF057D32E50A5F50094CF5E /* PBXContainerItemProxy */ = {
			isa = PBXContainerItemProxy;
			containerPortal = CDF057B02E50A5F40094CF5E /* Project object */;
			proxyType = 1;
			remoteGlobalIDString = CDF057B72E50A5F40094CF5E;
			remoteInfo = nitroping;
		};
/* End PBXContainerItemProxy section */

/* Begin PBXFileReference section */
		CDF057B82E50A5F40094CF5E /* nitroping.app */ = {isa = PBXFileReference; explicitFileType = wrapper.application; includeInIndex = 0; path = nitroping.app; sourceTree = BUILT_PRODUCTS_DIR; };
		CDF057C82E50A5F50094CF5E /* nitropingTests.xctest */ = {isa = PBXFileReference; explicitFileType = wrapper.cfbundle; includeInIndex = 0; path = nitropingTests.xctest; sourceTree = BUILT_PRODUCTS_DIR; };
		CDF057D22E50A5F50094CF5E /* nitropingUITests.xctest */ = {isa = PBXFileReference; explicitFileType = wrapper.cfbundle; includeInIndex = 0; path = nitropingUITests.xctest; sourceTree = BUILT_PRODUCTS_DIR; };
/* End PBXFileReference section */

/* Begin PBXFileSystemSynchronizedRootGroup section */
		CDF057BA2E50A5F40094CF5E /* nitroping */ = {
			isa = PBXFileSystemSynchronizedRootGroup;
			path = nitroping;
			sourceTree = "<group>";
		};
		CDF057CB2E50A5F50094CF5E /* nitropingTests */ = {
			isa = PBXFileSystemSynchronizedRootGroup;
			path = nitropingTests;
			sourceTree = "<group>";
		};
		CDF057D52E50A5F50094CF5E /* nitropingUITests */ = {
			isa = PBXFileSystemSynchronizedRootGroup;
			path = nitropingUITests;
			sourceTree = "<group>";
		};
/* End PBXFileSystemSynchronizedRootGroup section */

/* Begin PBXFrameworksBuildPhase section */
		CDF057B52E50A5F40094CF5E /* Frameworks */ = {
			isa = PBXFrameworksBuildPhase;
			buildActionMask = 2147483647;
			files = (
				CD361CE22E51134A0064F6FE /* NitroPingClient in Frameworks */,
				CD361CE02E510FF20064F6FE /* NitroPingClient in Frameworks */,
			);
			runOnlyForDeploymentPostprocessing = 0;
		};
		CDF057C52E50A5F50094CF5E /* Frameworks */ = {
			isa = PBXFrameworksBuildPhase;
			buildActionMask = 2147483647;
			files = (
			);
			runOnlyForDeploymentPostprocessing = 0;
		};
		CDF057CF2E50A5F50094CF5E /* Frameworks */ = {
			isa = PBXFrameworksBuildPhase;
			buildActionMask = 2147483647;
			files = (
			);
			runOnlyForDeploymentPostprocessing = 0;
		};
/* End PBXFrameworksBuildPhase section */

/* Begin PBXGroup section */
		CDF057AF2E50A5F40094CF5E = {
			isa = PBXGroup;
			children = (
				CDF057BA2E50A5F40094CF5E /* nitroping */,
				CDF057CB2E50A5F50094CF5E /* nitropingTests */,
				CDF057D52E50A5F50094CF5E /* nitropingUITests */,
				CDF057B92E50A5F40094CF5E /* Products */,
			);
			sourceTree = "<group>";
		};
		CDF057B92E50A5F40094CF5E /* Products */ = {
			isa = PBXGroup;
			children = (
				CDF057B82E50A5F40094CF5E /* nitroping.app */,
				CDF057C82E50A5F50094CF5E /* nitropingTests.xctest */,
				CDF057D22E50A5F50094CF5E /* nitropingUITests.xctest */,
			);
			name = Products;
			sourceTree = "<group>";
		};
/* End PBXGroup section */

/* Begin PBXNativeTarget section */
		CDF057B72E50A5F40094CF5E /* nitroping */ = {
			isa = PBXNativeTarget;
			buildConfigurationList = CDF057DC2E50A5F50094CF5E /* Build configuration list for PBXNativeTarget "nitroping" */;
			buildPhases = (
				CDF057B42E50A5F40094CF5E /* Sources */,
				CDF057B52E50A5F40094CF5E /* Frameworks */,
				CDF057B62E50A5F40094CF5E /* Resources */,
			);
			buildRules = (
			);
			dependencies = (
			);
			fileSystemSynchronizedGroups = (
				CDF057BA2E50A5F40094CF5E /* nitroping */,
			);
			name = nitroping;
			packageProductDependencies = (
				CD361CDF2E510FF20064F6FE /* NitroPingClient */,
				CD361CE12E51134A0064F6FE /* NitroPingClient */,
			);
			productName = nitroping;
			productReference = CDF057B82E50A5F40094CF5E /* nitroping.app */;
			productType = "com.apple.product-type.application";
		};
		CDF057C72E50A5F50094CF5E /* nitropingTests */ = {
			isa = PBXNativeTarget;
			buildConfigurationList = CDF057DF2E50A5F50094CF5E /* Build configuration list for PBXNativeTarget "nitropingTests" */;
			buildPhases = (
				CDF057C42E50A5F50094CF5E /* Sources */,
				CDF057C52E50A5F50094CF5E /* Frameworks */,
				CDF057C62E50A5F50094CF5E /* Resources */,
			);
			buildRules = (
			);
			dependencies = (
				CDF057CA2E50A5F50094CF5E /* PBXTargetDependency */,
			);
			fileSystemSynchronizedGroups = (
				CDF057CB2E50A5F50094CF5E /* nitropingTests */,
			);
			name = nitropingTests;
			packageProductDependencies = (
			);
			productName = nitropingTests;
			productReference = CDF057C82E50A5F50094CF5E /* nitropingTests.xctest */;
			productType = "com.apple.product-type.bundle.unit-test";
		};
		CDF057D12E50A5F50094CF5E /* nitropingUITests */ = {
			isa = PBXNativeTarget;
			buildConfigurationList = CDF057E22E50A5F50094CF5E /* Build configuration list for PBXNativeTarget "nitropingUITests" */;
			buildPhases = (
				CDF057CE2E50A5F50094CF5E /* Sources */,
				CDF057CF2E50A5F50094CF5E /* Frameworks */,
				CDF057D02E50A5F50094CF5E /* Resources */,
			);
			buildRules = (
			);
			dependencies = (
				CDF057D42E50A5F50094CF5E /* PBXTargetDependency */,
			);
			fileSystemSynchronizedGroups = (
				CDF057D52E50A5F50094CF5E /* nitropingUITests */,
			);
			name = nitropingUITests;
			packageProductDependencies = (
			);
			productName = nitropingUITests;
			productReference = CDF057D22E50A5F50094CF5E /* nitropingUITests.xctest */;
			productType = "com.apple.product-type.bundle.ui-testing";
		};
/* End PBXNativeTarget section */

/* Begin PBXProject section */
		CDF057B02E50A5F40094CF5E /* Project object */ = {
			isa = PBXProject;
			attributes = {
				BuildIndependentTargetsInParallel = 1;
				LastSwiftUpdateCheck = 1640;
				LastUpgradeCheck = 1640;
				TargetAttributes = {
					CDF057B72E50A5F40094CF5E = {
						CreatedOnToolsVersion = 16.4;
					};
					CDF057C72E50A5F50094CF5E = {
						CreatedOnToolsVersion = 16.4;
						TestTargetID = CDF057B72E50A5F40094CF5E;
					};
					CDF057D12E50A5F50094CF5E = {
						CreatedOnToolsVersion = 16.4;
						TestTargetID = CDF057B72E50A5F40094CF5E;
					};
				};
			};
			buildConfigurationList = CDF057B32E50A5F40094CF5E /* Build configuration list for PBXProject "nitroping" */;
			developmentRegion = en;
			hasScannedForEncodings = 0;
			knownRegions = (
				en,
				Base,
			);
			mainGroup = CDF057AF2E50A5F40094CF5E;
			minimizedProjectReferenceProxies = 1;
			packageReferences = (
				CD361CDE2E510FF20064F6FE /* XCLocalSwiftPackageReference "../package" */,
			);
			preferredProjectObjectVersion = 77;
			productRefGroup = CDF057B92E50A5F40094CF5E /* Products */;
			projectDirPath = "";
			projectRoot = "";
			targets = (
				CDF057B72E50A5F40094CF5E /* nitroping */,
				CDF057C72E50A5F50094CF5E /* nitropingTests */,
				CDF057D12E50A5F50094CF5E /* nitropingUITests */,
			);
		};
/* End PBXProject section */

/* Begin PBXResourcesBuildPhase section */
		CDF057B62E50A5F40094CF5E /* Resources */ = {
			isa = PBXResourcesBuildPhase;
			buildActionMask = 2147483647;
			files = (
			);
			runOnlyForDeploymentPostprocessing = 0;
		};
		CDF057C62E50A5F50094CF5E /* Resources */ = {
			isa = PBXResourcesBuildPhase;
			buildActionMask = 2147483647;
			files = (
			);
			runOnlyForDeploymentPostprocessing = 0;
		};
		CDF057D02E50A5F50094CF5E /* Resources */ = {
			isa = PBXResourcesBuildPhase;
			buildActionMask = 2147483647;
			files = (
			);
			runOnlyForDeploymentPostprocessing = 0;
		};
/* End PBXResourcesBuildPhase section */

/* Begin PBXSourcesBuildPhase section */
		CDF057B42E50A5F40094CF5E /* Sources */ = {
			isa = PBXSourcesBuildPhase;
			buildActionMask = 2147483647;
			files = (
			);
			runOnlyForDeploymentPostprocessing = 0;
		};
		CDF057C42E50A5F50094CF5E /* Sources */ = {
			isa = PBXSourcesBuildPhase;
			buildActionMask = 2147483647;
			files = (
			);
			runOnlyForDeploymentPostprocessing = 0;
		};
		CDF057CE2E50A5F50094CF5E /* Sources */ = {
			isa = PBXSourcesBuildPhase;
			buildActionMask = 2147483647;
			files = (
			);
			runOnlyForDeploymentPostprocessing = 0;
		};
/* End PBXSourcesBuildPhase section */

/* Begin PBXTargetDependency section */
		CDF057CA2E50A5F50094CF5E /* PBXTargetDependency */ = {
			isa = PBXTargetDependency;
			target = CDF057B72E50A5F40094CF5E /* nitroping */;
			targetProxy = CDF057C92E50A5F50094CF5E /* PBXContainerItemProxy */;
		};
		CDF057D42E50A5F50094CF5E /* PBXTargetDependency */ = {
			isa = PBXTargetDependency;
			target = CDF057B72E50A5F40094CF5E /* nitroping */;
			targetProxy = CDF057D32E50A5F50094CF5E /* PBXContainerItemProxy */;
		};
/* End PBXTargetDependency section */

/* Begin XCBuildConfiguration section */
		CDF057DA2E50A5F50094CF5E /* Debug */ = {
			isa = XCBuildConfiguration;
			buildSettings = {
				ALWAYS_SEARCH_USER_PATHS = NO;
				ASSETCATALOG_COMPILER_GENERATE_SWIFT_ASSET_SYMBOL_EXTENSIONS = YES;
				CLANG_ANALYZER_NONNULL = YES;
				CLANG_ANALYZER_NUMBER_OBJECT_CONVERSION = YES_AGGRESSIVE;
				CLANG_CXX_LANGUAGE_STANDARD = "gnu++20";
				CLANG_ENABLE_MODULES = YES;
				CLANG_ENABLE_OBJC_ARC = YES;
				CLANG_ENABLE_OBJC_WEAK = YES;
				CLANG_WARN_BLOCK_CAPTURE_AUTORELEASING = YES;
				CLANG_WARN_BOOL_CONVERSION = YES;
				CLANG_WARN_COMMA = YES;
				CLANG_WARN_CONSTANT_CONVERSION = YES;
				CLANG_WARN_DEPRECATED_OBJC_IMPLEMENTATIONS = YES;
				CLANG_WARN_DIRECT_OBJC_ISA_USAGE = YES_ERROR;
				CLANG_WARN_DOCUMENTATION_COMMENTS = YES;
				CLANG_WARN_EMPTY_BODY = YES;
				CLANG_WARN_ENUM_CONVERSION = YES;
				CLANG_WARN_INFINITE_RECURSION = YES;
				CLANG_WARN_INT_CONVERSION = YES;
				CLANG_WARN_NON_LITERAL_NULL_CONVERSION = YES;
				CLANG_WARN_OBJC_IMPLICIT_RETAIN_SELF = YES;
				CLANG_WARN_OBJC_LITERAL_CONVERSION = YES;
				CLANG_WARN_OBJC_ROOT_CLASS = YES_ERROR;
				CLANG_WARN_QUOTED_INCLUDE_IN_FRAMEWORK_HEADER = YES;
				CLANG_WARN_RANGE_LOOP_ANALYSIS = YES;
				CLANG_WARN_STRICT_PROTOTYPES = YES;
				CLANG_WARN_SUSPICIOUS_MOVE = YES;
				CLANG_WARN_UNGUARDED_AVAILABILITY = YES_AGGRESSIVE;
				CLANG_WARN_UNREACHABLE_CODE = YES;
				CLANG_WARN__DUPLICATE_METHOD_MATCH = YES;
				COPY_PHASE_STRIP = NO;
				DEBUG_INFORMATION_FORMAT = dwarf;
				ENABLE_STRICT_OBJC_MSGSEND = YES;
				ENABLE_TESTABILITY = YES;
				ENABLE_USER_SCRIPT_SANDBOXING = YES;
				GCC_C_LANGUAGE_STANDARD = gnu17;
				GCC_DYNAMIC_NO_PIC = NO;
				GCC_NO_COMMON_BLOCKS = YES;
				GCC_OPTIMIZATION_LEVEL = 0;
				GCC_PREPROCESSOR_DEFINITIONS = (
					"DEBUG=1",
					"$(inherited)",
				);
				GCC_WARN_64_TO_32_BIT_CONVERSION = YES;
				GCC_WARN_ABOUT_RETURN_TYPE = YES_ERROR;
				GCC_WARN_UNDECLARED_SELECTOR = YES;
				GCC_WARN_UNINITIALIZED_AUTOS = YES_AGGRESSIVE;
				GCC_WARN_UNUSED_FUNCTION = YES;
				GCC_WARN_UNUSED_VARIABLE = YES;
				LOCALIZATION_PREFERS_STRING_CATALOGS = YES;
				MTL_ENABLE_DEBUG_INFO = INCLUDE_SOURCE;
				MTL_FAST_MATH = YES;
				ONLY_ACTIVE_ARCH = YES;
				SWIFT_ACTIVE_COMPILATION_CONDITIONS = "DEBUG $(inherited)";
				SWIFT_OPTIMIZATION_LEVEL = "-Onone";
			};
			name = Debug;
		};
		CDF057DB2E50A5F50094CF5E /* Release */ = {
			isa = XCBuildConfiguration;
			buildSettings = {
				ALWAYS_SEARCH_USER_PATHS = NO;
				ASSETCATALOG_COMPILER_GENERATE_SWIFT_ASSET_SYMBOL_EXTENSIONS = YES;
				CLANG_ANALYZER_NONNULL = YES;
				CLANG_ANALYZER_NUMBER_OBJECT_CONVERSION = YES_AGGRESSIVE;
				CLANG_CXX_LANGUAGE_STANDARD = "gnu++20";
				CLANG_ENABLE_MODULES = YES;
				CLANG_ENABLE_OBJC_ARC = YES;
				CLANG_ENABLE_OBJC_WEAK = YES;
				CLANG_WARN_BLOCK_CAPTURE_AUTORELEASING = YES;
				CLANG_WARN_BOOL_CONVERSION = YES;
				CLANG_WARN_COMMA = YES;
				CLANG_WARN_CONSTANT_CONVERSION = YES;
				CLANG_WARN_DEPRECATED_OBJC_IMPLEMENTATIONS = YES;
				CLANG_WARN_DIRECT_OBJC_ISA_USAGE = YES_ERROR;
				CLANG_WARN_DOCUMENTATION_COMMENTS = YES;
				CLANG_WARN_EMPTY_BODY = YES;
				CLANG_WARN_ENUM_CONVERSION = YES;
				CLANG_WARN_INFINITE_RECURSION = YES;
				CLANG_WARN_INT_CONVERSION = YES;
				CLANG_WARN_NON_LITERAL_NULL_CONVERSION = YES;
				CLANG_WARN_OBJC_IMPLICIT_RETAIN_SELF = YES;
				CLANG_WARN_OBJC_LITERAL_CONVERSION = YES;
				CLANG_WARN_OBJC_ROOT_CLASS = YES_ERROR;
				CLANG_WARN_QUOTED_INCLUDE_IN_FRAMEWORK_HEADER = YES;
				CLANG_WARN_RANGE_LOOP_ANALYSIS = YES;
				CLANG_WARN_STRICT_PROTOTYPES = YES;
				CLANG_WARN_SUSPICIOUS_MOVE = YES;
				CLANG_WARN_UNGUARDED_AVAILABILITY = YES_AGGRESSIVE;
				CLANG_WARN_UNREACHABLE_CODE = YES;
				CLANG_WARN__DUPLICATE_METHOD_MATCH = YES;
				COPY_PHASE_STRIP = NO;
				DEBUG_INFORMATION_FORMAT = "dwarf-with-dsym";
				ENABLE_NS_ASSERTIONS = NO;
				ENABLE_STRICT_OBJC_MSGSEND = YES;
				ENABLE_USER_SCRIPT_SANDBOXING = YES;
				GCC_C_LANGUAGE_STANDARD = gnu17;
				GCC_NO_COMMON_BLOCKS = YES;
				GCC_WARN_64_TO_32_BIT_CONVERSION = YES;
				GCC_WARN_ABOUT_RETURN_TYPE = YES_ERROR;
				GCC_WARN_UNDECLARED_SELECTOR = YES;
				GCC_WARN_UNINITIALIZED_AUTOS = YES_AGGRESSIVE;
				GCC_WARN_UNUSED_FUNCTION = YES;
				GCC_WARN_UNUSED_VARIABLE = YES;
				LOCALIZATION_PREFERS_STRING_CATALOGS = YES;
				MTL_ENABLE_DEBUG_INFO = NO;
				MTL_FAST_MATH = YES;
				SWIFT_COMPILATION_MODE = wholemodule;
			};
			name = Release;
		};
		CDF057DD2E50A5F50094CF5E /* Debug */ = {
			isa = XCBuildConfiguration;
			buildSettings = {
				ASSETCATALOG_COMPILER_APPICON_NAME = AppIcon;
				ASSETCATALOG_COMPILER_GLOBAL_ACCENT_COLOR_NAME = AccentColor;
				CODE_SIGN_ENTITLEMENTS = nitroping/nitroping.entitlements;
				CODE_SIGN_IDENTITY = "Apple Development";
				CODE_SIGN_STYLE = Automatic;
				CURRENT_PROJECT_VERSION = 1;
				DEVELOPMENT_TEAM = QPH96J479A;
				ENABLE_PREVIEWS = YES;
				GENERATE_INFOPLIST_FILE = YES;
				"INFOPLIST_KEY_UIApplicationSceneManifest_Generation[sdk=iphoneos*]" = YES;
				"INFOPLIST_KEY_UIApplicationSceneManifest_Generation[sdk=iphonesimulator*]" = YES;
				"INFOPLIST_KEY_UIApplicationSupportsIndirectInputEvents[sdk=iphoneos*]" = YES;
				"INFOPLIST_KEY_UIApplicationSupportsIndirectInputEvents[sdk=iphonesimulator*]" = YES;
				"INFOPLIST_KEY_UILaunchScreen_Generation[sdk=iphoneos*]" = YES;
				"INFOPLIST_KEY_UILaunchScreen_Generation[sdk=iphonesimulator*]" = YES;
				"INFOPLIST_KEY_UIStatusBarStyle[sdk=iphoneos*]" = UIStatusBarStyleDefault;
				"INFOPLIST_KEY_UIStatusBarStyle[sdk=iphonesimulator*]" = UIStatusBarStyleDefault;
				INFOPLIST_KEY_UISupportedInterfaceOrientations_iPad = "UIInterfaceOrientationPortrait UIInterfaceOrientationPortraitUpsideDown UIInterfaceOrientationLandscapeLeft UIInterfaceOrientationLandscapeRight";
				INFOPLIST_KEY_UISupportedInterfaceOrientations_iPhone = "UIInterfaceOrientationPortrait UIInterfaceOrientationLandscapeLeft UIInterfaceOrientationLandscapeRight";
				IPHONEOS_DEPLOYMENT_TARGET = 15.6;
				LD_RUNPATH_SEARCH_PATHS = "@executable_path/Frameworks";
				"LD_RUNPATH_SEARCH_PATHS[sdk=macosx*]" = "@executable_path/../Frameworks";
				MACOSX_DEPLOYMENT_TARGET = 14.0;
				MARKETING_VERSION = 1.0;
				PRODUCT_BUNDLE_IDENTIFIER = com.nitroping.app;
				PRODUCT_NAME = "$(TARGET_NAME)";
				PROVISIONING_PROFILE_SPECIFIER = "";
				REGISTER_APP_GROUPS = YES;
				SDKROOT = auto;
				SUPPORTED_PLATFORMS = "iphoneos iphonesimulator macosx xros xrsimulator";
				SWIFT_EMIT_LOC_STRINGS = YES;
				SWIFT_VERSION = 5.0;
				TARGETED_DEVICE_FAMILY = "1,2,7";
				XROS_DEPLOYMENT_TARGET = 2.5;
			};
			name = Debug;
		};
		CDF057DE2E50A5F50094CF5E /* Release */ = {
			isa = XCBuildConfiguration;
			buildSettings = {
				ASSETCATALOG_COMPILER_APPICON_NAME = AppIcon;
				ASSETCATALOG_COMPILER_GLOBAL_ACCENT_COLOR_NAME = AccentColor;
				CODE_SIGN_ENTITLEMENTS = nitroping/nitroping.entitlements;
				CODE_SIGN_IDENTITY = "Apple Development";
				CODE_SIGN_STYLE = Automatic;
				CURRENT_PROJECT_VERSION = 1;
				DEVELOPMENT_TEAM = QPH96J479A;
				ENABLE_PREVIEWS = YES;
				GENERATE_INFOPLIST_FILE = YES;
				"INFOPLIST_KEY_UIApplicationSceneManifest_Generation[sdk=iphoneos*]" = YES;
				"INFOPLIST_KEY_UIApplicationSceneManifest_Generation[sdk=iphonesimulator*]" = YES;
				"INFOPLIST_KEY_UIApplicationSupportsIndirectInputEvents[sdk=iphoneos*]" = YES;
				"INFOPLIST_KEY_UIApplicationSupportsIndirectInputEvents[sdk=iphonesimulator*]" = YES;
				"INFOPLIST_KEY_UILaunchScreen_Generation[sdk=iphoneos*]" = YES;
				"INFOPLIST_KEY_UILaunchScreen_Generation[sdk=iphonesimulator*]" = YES;
				"INFOPLIST_KEY_UIStatusBarStyle[sdk=iphoneos*]" = UIStatusBarStyleDefault;
				"INFOPLIST_KEY_UIStatusBarStyle[sdk=iphonesimulator*]" = UIStatusBarStyleDefault;
				INFOPLIST_KEY_UISupportedInterfaceOrientations_iPad = "UIInterfaceOrientationPortrait UIInterfaceOrientationPortraitUpsideDown UIInterfaceOrientationLandscapeLeft UIInterfaceOrientationLandscapeRight";
				INFOPLIST_KEY_UISupportedInterfaceOrientations_iPhone = "UIInterfaceOrientationPortrait UIInterfaceOrientationLandscapeLeft UIInterfaceOrientationLandscapeRight";
				IPHONEOS_DEPLOYMENT_TARGET = 15.6;
				LD_RUNPATH_SEARCH_PATHS = "@executable_path/Frameworks";
				"LD_RUNPATH_SEARCH_PATHS[sdk=macosx*]" = "@executable_path/../Frameworks";
				MACOSX_DEPLOYMENT_TARGET = 14.0;
				MARKETING_VERSION = 1.0;
				PRODUCT_BUNDLE_IDENTIFIER = com.nitroping.app;
				PRODUCT_NAME = "$(TARGET_NAME)";
				PROVISIONING_PROFILE_SPECIFIER = "";
				REGISTER_APP_GROUPS = YES;
				SDKROOT = auto;
				SUPPORTED_PLATFORMS = "iphoneos iphonesimulator macosx xros xrsimulator";
				SWIFT_EMIT_LOC_STRINGS = YES;
				SWIFT_VERSION = 5.0;
				TARGETED_DEVICE_FAMILY = "1,2,7";
				XROS_DEPLOYMENT_TARGET = 2.5;
			};
			name = Release;
		};
		CDF057E02E50A5F50094CF5E /* Debug */ = {
			isa = XCBuildConfiguration;
			buildSettings = {
				BUNDLE_LOADER = "$(TEST_HOST)";
				CODE_SIGN_STYLE = Automatic;
				CURRENT_PROJECT_VERSION = 1;
				GENERATE_INFOPLIST_FILE = YES;
				IPHONEOS_DEPLOYMENT_TARGET = 18.5;
				MACOSX_DEPLOYMENT_TARGET = 15.5;
				MARKETING_VERSION = 1.0;
				PRODUCT_BUNDLE_IDENTIFIER = com.nitroping.nitropingTests;
				PRODUCT_NAME = "$(TARGET_NAME)";
				SDKROOT = auto;
				SUPPORTED_PLATFORMS = "iphoneos iphonesimulator macosx xros xrsimulator";
				SWIFT_EMIT_LOC_STRINGS = NO;
				SWIFT_VERSION = 5.0;
				TARGETED_DEVICE_FAMILY = "1,2,7";
				TEST_HOST = "$(BUILT_PRODUCTS_DIR)/nitroping.app/$(BUNDLE_EXECUTABLE_FOLDER_PATH)/nitroping";
				XROS_DEPLOYMENT_TARGET = 2.5;
			};
			name = Debug;
		};
		CDF057E12E50A5F50094CF5E /* Release */ = {
			isa = XCBuildConfiguration;
			buildSettings = {
				BUNDLE_LOADER = "$(TEST_HOST)";
				CODE_SIGN_STYLE = Automatic;
				CURRENT_PROJECT_VERSION = 1;
				GENERATE_INFOPLIST_FILE = YES;
				IPHONEOS_DEPLOYMENT_TARGET = 18.5;
				MACOSX_DEPLOYMENT_TARGET = 15.5;
				MARKETING_VERSION = 1.0;
				PRODUCT_BUNDLE_IDENTIFIER = com.nitroping.nitropingTests;
				PRODUCT_NAME = "$(TARGET_NAME)";
				SDKROOT = auto;
				SUPPORTED_PLATFORMS = "iphoneos iphonesimulator macosx xros xrsimulator";
				SWIFT_EMIT_LOC_STRINGS = NO;
				SWIFT_VERSION = 5.0;
				TARGETED_DEVICE_FAMILY = "1,2,7";
				TEST_HOST = "$(BUILT_PRODUCTS_DIR)/nitroping.app/$(BUNDLE_EXECUTABLE_FOLDER_PATH)/nitroping";
				XROS_DEPLOYMENT_TARGET = 2.5;
			};
			name = Release;
		};
		CDF057E32E50A5F50094CF5E /* Debug */ = {
			isa = XCBuildConfiguration;
			buildSettings = {
				CODE_SIGN_STYLE = Automatic;
				CURRENT_PROJECT_VERSION = 1;
				GENERATE_INFOPLIST_FILE = YES;
				IPHONEOS_DEPLOYMENT_TARGET = 18.5;
				MACOSX_DEPLOYMENT_TARGET = 15.5;
				MARKETING_VERSION = 1.0;
				PRODUCT_BUNDLE_IDENTIFIER = com.nitroping.nitropingUITests;
				PRODUCT_NAME = "$(TARGET_NAME)";
				SDKROOT = auto;
				SUPPORTED_PLATFORMS = "iphoneos iphonesimulator macosx xros xrsimulator";
				SWIFT_EMIT_LOC_STRINGS = NO;
				SWIFT_VERSION = 5.0;
				TARGETED_DEVICE_FAMILY = "1,2,7";
				TEST_TARGET_NAME = nitroping;
				XROS_DEPLOYMENT_TARGET = 2.5;
			};
			name = Debug;
		};
		CDF057E42E50A5F50094CF5E /* Release */ = {
			isa = XCBuildConfiguration;
			buildSettings = {
				CODE_SIGN_STYLE = Automatic;
				CURRENT_PROJECT_VERSION = 1;
				GENERATE_INFOPLIST_FILE = YES;
				IPHONEOS_DEPLOYMENT_TARGET = 18.5;
				MACOSX_DEPLOYMENT_TARGET = 15.5;
				MARKETING_VERSION = 1.0;
				PRODUCT_BUNDLE_IDENTIFIER = com.nitroping.nitropingUITests;
				PRODUCT_NAME = "$(TARGET_NAME)";
				SDKROOT = auto;
				SUPPORTED_PLATFORMS = "iphoneos iphonesimulator macosx xros xrsimulator";
				SWIFT_EMIT_LOC_STRINGS = NO;
				SWIFT_VERSION = 5.0;
				TARGETED_DEVICE_FAMILY = "1,2,7";
				TEST_TARGET_NAME = nitroping;
				XROS_DEPLOYMENT_TARGET = 2.5;
			};
			name = Release;
		};
/* End XCBuildConfiguration section */

/* Begin XCConfigurationList section */
		CDF057B32E50A5F40094CF5E /* Build configuration list for PBXProject "nitroping" */ = {
			isa = XCConfigurationList;
			buildConfigurations = (
				CDF057DA2E50A5F50094CF5E /* Debug */,
				CDF057DB2E50A5F50094CF5E /* Release */,
			);
			defaultConfigurationIsVisible = 0;
			defaultConfigurationName = Release;
		};
		CDF057DC2E50A5F50094CF5E /* Build configuration list for PBXNativeTarget "nitroping" */ = {
			isa = XCConfigurationList;
			buildConfigurations = (
				CDF057DD2E50A5F50094CF5E /* Debug */,
				CDF057DE2E50A5F50094CF5E /* Release */,
			);
			defaultConfigurationIsVisible = 0;
			defaultConfigurationName = Release;
		};
		CDF057DF2E50A5F50094CF5E /* Build configuration list for PBXNativeTarget "nitropingTests" */ = {
			isa = XCConfigurationList;
			buildConfigurations = (
				CDF057E02E50A5F50094CF5E /* Debug */,
				CDF057E12E50A5F50094CF5E /* Release */,
			);
			defaultConfigurationIsVisible = 0;
			defaultConfigurationName = Release;
		};
		CDF057E22E50A5F50094CF5E /* Build configuration list for PBXNativeTarget "nitropingUITests" */ = {
			isa = XCConfigurationList;
			buildConfigurations = (
				CDF057E32E50A5F50094CF5E /* Debug */,
				CDF057E42E50A5F50094CF5E /* Release */,
			);
			defaultConfigurationIsVisible = 0;
			defaultConfigurationName = Release;
		};
/* End XCConfigurationList section */

/* Begin XCLocalSwiftPackageReference section */
		CD361CDE2E510FF20064F6FE /* XCLocalSwiftPackageReference "../package" */ = {
			isa = XCLocalSwiftPackageReference;
			relativePath = ../package;
		};
/* End XCLocalSwiftPackageReference section */

/* Begin XCSwiftPackageProductDependency section */
		CD361CDF2E510FF20064F6FE /* NitroPingClient */ = {
			isa = XCSwiftPackageProductDependency;
			productName = NitroPingClient;
		};
		CD361CE12E51134A0064F6FE /* NitroPingClient */ = {
			isa = XCSwiftPackageProductDependency;
			productName = NitroPingClient;
		};
/* End XCSwiftPackageProductDependency section */
	};
	rootObject = CDF057B02E50A5F40094CF5E /* Project object */;
}
